
Microsoft Visual Studio Solution File, Format Version 12.00
# Visual Studio Version 17
VisualStudioVersion = 17.0.32112.339
MinimumVisualStudioVersion = 10.0.40219.1
Project("{FAE04EC0-301F-11D3-BF4B-00C04F79EFBC}") = "ExtractText", "ExtractText\ExtractText.csproj", "{C7B87040-2701-42A5-B2EB-4E3C6FD01EB3}"
EndProject
Global
	GlobalSection(SolutionConfigurationPlatforms) = preSolution
		Debug|Any CPU = Debug|Any CPU
		Release|Any CPU = Release|Any CPU
	EndGlobalSection
	GlobalSection(ProjectConfigurationPlatforms) = postSolution
		{C7B87040-2701-42A5-B2EB-4E3C6FD01EB3}.Debug|Any CPU.ActiveCfg = Debug|Any CPU
		{C7B87040-2701-42A5-B2EB-4E3C6FD01EB3}.Debug|Any CPU.Build.0 = Debug|Any CPU
		{C7B87040-2701-42A5-B2EB-4E3C6FD01EB3}.Release|Any CPU.ActiveCfg = Release|Any CPU
		{C7B87040-2701-42A5-B2EB-4E3C6FD01EB3}.Release|Any CPU.Build.0 = Release|Any CPU
	EndGlobalSection
	GlobalSection(SolutionProperties) = preSolution
		HideSolutionNode = FALSE
	EndGlobalSection
	GlobalSection(ExtensibilityGlobals) = postSolution
		SolutionGuid = {82AB18B3-2272-4145-9D32-00C4ACBDE258}
	EndGlobalSection
EndGlobal
